
Microsoft Visual Studio Solution File, Format Version 12.00
# Visual Studio 15
Project("{FAE04EC0-301F-11D3-BF4B-00C04F79EFBC}") = "20200724_buildingAGuessingGame", "20200724_buildingAGuessingGame\20200724_buildingAGuessingGame.csproj", "{B4D8CB63-2157-474B-A966-8C1A8AA36592}"
EndProject
Global
	GlobalSection(SolutionConfigurationPlatforms) = preSolution
		Debug|Any CPU = Debug|Any CPU
		Release|Any CPU = Release|Any CPU
	EndGlobalSection
	GlobalSection(ProjectConfigurationPlatforms) = postSolution
		{B4D8CB63-2157-474B-A966-8C1A8AA36592}.Debug|Any CPU.ActiveCfg = Debug|Any CPU
		{B4D8CB63-2157-474B-A966-8C1A8AA36592}.Debug|Any CPU.Build.0 = Debug|Any CPU
		{B4D8CB63-2157-474B-A966-8C1A8AA36592}.Release|Any CPU.ActiveCfg = Release|Any CPU
		{B4D8CB63-2157-474B-A966-8C1A8AA36592}.Release|Any CPU.Build.0 = Release|Any CPU
	EndGlobalSection
EndGlobal
