
Microsoft Visual Studio Solution File, Format Version 12.00
# Visual Studio 15
Project("{FAE04EC0-301F-11D3-BF4B-00C04F79EFBC}") = "20200725_inheritance", "20200725_inheritance\20200725_inheritance.csproj", "{A13597DB-5750-4706-AE2A-F4B120F0D6BE}"
EndProject
Global
	GlobalSection(SolutionConfigurationPlatforms) = preSolution
		Debug|Any CPU = Debug|Any CPU
		Release|Any CPU = Release|Any CPU
	EndGlobalSection
	GlobalSection(ProjectConfigurationPlatforms) = postSolution
		{A13597DB-5750-4706-AE2A-F4B120F0D6BE}.Debug|Any CPU.ActiveCfg = Debug|Any CPU
		{A13597DB-5750-4706-AE2A-F4B120F0D6BE}.Debug|Any CPU.Build.0 = Debug|Any CPU
		{A13597DB-5750-4706-AE2A-F4B120F0D6BE}.Release|Any CPU.ActiveCfg = Release|Any CPU
		{A13597DB-5750-4706-AE2A-F4B120F0D6BE}.Release|Any CPU.Build.0 = Release|Any CPU
	EndGlobalSection
EndGlobal
